// !$*UTF8*$!
{
	archiveVersion = 1;
	classes = {
	};
	objectVersion = 56;
	objects = {

/* Begin PBXBuildFile section */
		4B400BBD0E545400AE8D192F /* Pods_RXStore.framework in Frameworks */ = {isa = PBXBuildFile; fileRef = 03220296756D8A199F907C48 /* Pods_RXStore.framework */; };
		A81414A22A72F0D700ECBB6D /* FilterCoordinator.swift in Sources */ = {isa = PBXBuildFile; fileRef = A81414A12A72F0D700ECBB6D /* FilterCoordinator.swift */; };
		A81414A42A72F0E900ECBB6D /* FilterViewController.swift in Sources */ = {isa = PBXBuildFile; fileRef = A81414A32A72F0E900ECBB6D /* FilterViewController.swift */; };
		A81414A62A72F0FB00ECBB6D /* FilterViewModel.swift in Sources */ = {isa = PBXBuildFile; fileRef = A81414A52A72F0FB00ECBB6D /* FilterViewModel.swift */; };
		A81414A82A72F10A00ECBB6D /* FilterModel.swift in Sources */ = {isa = PBXBuildFile; fileRef = A81414A72A72F10A00ECBB6D /* FilterModel.swift */; };
		A814462B2A6FDD7200F802D7 /* FirestoreManager.swift in Sources */ = {isa = PBXBuildFile; fileRef = A814462A2A6FDD7200F802D7 /* FirestoreManager.swift */; };
		A865F37A2A6DC19700FBE317 /* TableViewFactory.swift in Sources */ = {isa = PBXBuildFile; fileRef = A865F3792A6DC19700FBE317 /* TableViewFactory.swift */; };
		A865F37D2A6DC3CE00FBE317 /* MockCoordinator.swift in Sources */ = {isa = PBXBuildFile; fileRef = A865F37C2A6DC3CE00FBE317 /* MockCoordinator.swift */; };
		A865F37F2A6DC3E400FBE317 /* MockViewController.swift in Sources */ = {isa = PBXBuildFile; fileRef = A865F37E2A6DC3E400FBE317 /* MockViewController.swift */; };
		A865F3832A6DC5DE00FBE317 /* MockViewModel.swift in Sources */ = {isa = PBXBuildFile; fileRef = A865F3822A6DC5DE00FBE317 /* MockViewModel.swift */; };
		A865F3852A6DC5F200FBE317 /* MockModel.swift in Sources */ = {isa = PBXBuildFile; fileRef = A865F3842A6DC5F200FBE317 /* MockModel.swift */; };
		A865F3882A6E544E00FBE317 /* ImageOfItemCell.swift in Sources */ = {isa = PBXBuildFile; fileRef = A865F3872A6E544E00FBE317 /* ImageOfItemCell.swift */; };
		A865F38A2A6E63B900FBE317 /* PriceOfItemCell.swift in Sources */ = {isa = PBXBuildFile; fileRef = A865F3892A6E63B900FBE317 /* PriceOfItemCell.swift */; };
		A865F38C2A6E6CCD00FBE317 /* BrandCell.swift in Sources */ = {isa = PBXBuildFile; fileRef = A865F38B2A6E6CCD00FBE317 /* BrandCell.swift */; };
		A865F38E2A6E707E00FBE317 /* AboutItemCell.swift in Sources */ = {isa = PBXBuildFile; fileRef = A865F38D2A6E707E00FBE317 /* AboutItemCell.swift */; };
		A8782AB12A6681D6006594C3 /* AppDelegate.swift in Sources */ = {isa = PBXBuildFile; fileRef = A8782AB02A6681D6006594C3 /* AppDelegate.swift */; };
		A8782AB52A6681D6006594C3 /* StoreViewController.swift in Sources */ = {isa = PBXBuildFile; fileRef = A8782AB42A6681D6006594C3 /* StoreViewController.swift */; };
		A8782ABA2A6681DC006594C3 /* Assets.xcassets in Resources */ = {isa = PBXBuildFile; fileRef = A8782AB92A6681DC006594C3 /* Assets.xcassets */; };
		A8782ABD2A6681DC006594C3 /* LaunchScreen.storyboard in Resources */ = {isa = PBXBuildFile; fileRef = A8782ABB2A6681DC006594C3 /* LaunchScreen.storyboard */; };
		A8782AC62A668281006594C3 /* StoreViewModel.swift in Sources */ = {isa = PBXBuildFile; fileRef = A8782AC52A668281006594C3 /* StoreViewModel.swift */; };
		A8782AC82A6682A0006594C3 /* StoreModel.swift in Sources */ = {isa = PBXBuildFile; fileRef = A8782AC72A6682A0006594C3 /* StoreModel.swift */; };
		A8782ACA2A669004006594C3 /* GoogleService-Info.plist in Resources */ = {isa = PBXBuildFile; fileRef = A8782AC92A669004006594C3 /* GoogleService-Info.plist */; };
		A8878A5A2A68317A003E8433 /* CardButtons.swift in Sources */ = {isa = PBXBuildFile; fileRef = A8878A592A68317A003E8433 /* CardButtons.swift */; };
		A8878A5C2A683BDE003E8433 /* UILabel + Extensions.swift in Sources */ = {isa = PBXBuildFile; fileRef = A8878A5B2A683BDE003E8433 /* UILabel + Extensions.swift */; };
		A8878A5E2A683CA9003E8433 /* PageControlView.swift in Sources */ = {isa = PBXBuildFile; fileRef = A8878A5D2A683CA9003E8433 /* PageControlView.swift */; };
		A8878A602A683FE4003E8433 /* PageControlLabel.swift in Sources */ = {isa = PBXBuildFile; fileRef = A8878A5F2A683FE4003E8433 /* PageControlLabel.swift */; };
		A8878A622A693C2A003E8433 /* CardActionView.swift in Sources */ = {isa = PBXBuildFile; fileRef = A8878A612A693C2A003E8433 /* CardActionView.swift */; };
		A8878A642A694700003E8433 /* StoreCoordinator.swift in Sources */ = {isa = PBXBuildFile; fileRef = A8878A632A694700003E8433 /* StoreCoordinator.swift */; };
		A8878A672A696587003E8433 /* Coordinator.swift in Sources */ = {isa = PBXBuildFile; fileRef = A8878A662A696587003E8433 /* Coordinator.swift */; };
		A8878A6A2A696EAC003E8433 /* ReloadButton.swift in Sources */ = {isa = PBXBuildFile; fileRef = A8878A692A696EAC003E8433 /* ReloadButton.swift */; };
		A8926DC62A66CF31000E10D8 /* UIScrollView+Extension.swift in Sources */ = {isa = PBXBuildFile; fileRef = A8926DC52A66CF31000E10D8 /* UIScrollView+Extension.swift */; };
		A8926DC82A66D187000E10D8 /* UIView+Extensions.swift in Sources */ = {isa = PBXBuildFile; fileRef = A8926DC72A66D187000E10D8 /* UIView+Extensions.swift */; };
		A89BB02E2A716A3100FCE3E0 /* ImageOfItemCellConfigurator.swift in Sources */ = {isa = PBXBuildFile; fileRef = A89BB02D2A716A3100FCE3E0 /* ImageOfItemCellConfigurator.swift */; };
		A89BB0332A716AD600FCE3E0 /* AboutItemCellConfigurator.swift in Sources */ = {isa = PBXBuildFile; fileRef = A89BB0322A716AD600FCE3E0 /* AboutItemCellConfigurator.swift */; };
		A89BB0352A716B2000FCE3E0 /* PriceOfItemCellConfigurator.swift in Sources */ = {isa = PBXBuildFile; fileRef = A89BB0342A716B2000FCE3E0 /* PriceOfItemCellConfigurator.swift */; };
		A89BB0372A716B3600FCE3E0 /* BrandCellConfigurator.swift in Sources */ = {isa = PBXBuildFile; fileRef = A89BB0362A716B3600FCE3E0 /* BrandCellConfigurator.swift */; };
		A89BB0392A716C0200FCE3E0 /* ListCellConfiguration.swift in Sources */ = {isa = PBXBuildFile; fileRef = A89BB0382A716C0200FCE3E0 /* ListCellConfiguration.swift */; };
		A89E37782A6A787600D73318 /* CustomNavigationController.swift in Sources */ = {isa = PBXBuildFile; fileRef = A89E37772A6A787600D73318 /* CustomNavigationController.swift */; };
		A8AD54872A73517B005F8DFF /* ApplyFilterButtonView.swift in Sources */ = {isa = PBXBuildFile; fileRef = A8AD54862A73517B005F8DFF /* ApplyFilterButtonView.swift */; };
		A8AD54892A7351C0005F8DFF /* CustomButtonState.swift in Sources */ = {isa = PBXBuildFile; fileRef = A8AD54882A7351C0005F8DFF /* CustomButtonState.swift */; };
		A8AD548B2A7382F0005F8DFF /* FilterChooseCell.swift in Sources */ = {isa = PBXBuildFile; fileRef = A8AD548A2A7382F0005F8DFF /* FilterChooseCell.swift */; };
		A8AD548D2A7396C8005F8DFF /* FilterChooseCellConfigurator.swift in Sources */ = {isa = PBXBuildFile; fileRef = A8AD548C2A7396C8005F8DFF /* FilterChooseCellConfigurator.swift */; };
		A8AD548F2A73A362005F8DFF /* Fonts.swift in Sources */ = {isa = PBXBuildFile; fileRef = A8AD548E2A73A362005F8DFF /* Fonts.swift */; };
		A8B07EB82A73036B00CEE335 /* FilterCell.swift in Sources */ = {isa = PBXBuildFile; fileRef = A8B07EB72A73036B00CEE335 /* FilterCell.swift */; };
		A8B07EBA2A73037D00CEE335 /* FilterCellConfigurator.swift in Sources */ = {isa = PBXBuildFile; fileRef = A8B07EB92A73037D00CEE335 /* FilterCellConfigurator.swift */; };
		A8B07EBC2A73099000CEE335 /* FilterCheckedButton.swift in Sources */ = {isa = PBXBuildFile; fileRef = A8B07EBB2A73099000CEE335 /* FilterCheckedButton.swift */; };
		A8B07EBE2A730DD900CEE335 /* String+Extension.swift in Sources */ = {isa = PBXBuildFile; fileRef = A8B07EBD2A730DD900CEE335 /* String+Extension.swift */; };
		A8C1898B2A6A7FF6002149EE /* ViewController.swift in Sources */ = {isa = PBXBuildFile; fileRef = A8C1898A2A6A7FF6002149EE /* ViewController.swift */; };
		A8C1898D2A6A848E002149EE /* CustomNavigationBarView.swift in Sources */ = {isa = PBXBuildFile; fileRef = A8C1898C2A6A848E002149EE /* CustomNavigationBarView.swift */; };
		A8C1898F2A6A8AD7002149EE /* UIFont+Extensions.swift in Sources */ = {isa = PBXBuildFile; fileRef = A8C1898E2A6A8AD7002149EE /* UIFont+Extensions.swift */; };
		A8C5257D2A6E90A5002BA2CA /* UITableView + Extensions.swift in Sources */ = {isa = PBXBuildFile; fileRef = A8C5257C2A6E90A5002BA2CA /* UITableView + Extensions.swift */; };
/* End PBXBuildFile section */

/* Begin PBXFileReference section */
		03220296756D8A199F907C48 /* Pods_RXStore.framework */ = {isa = PBXFileReference; explicitFileType = wrapper.framework; includeInIndex = 0; path = Pods_RXStore.framework; sourceTree = BUILT_PRODUCTS_DIR; };
		5E729F649CA5D989B00F8B3F /* Pods-RXStore.debug.xcconfig */ = {isa = PBXFileReference; includeInIndex = 1; lastKnownFileType = text.xcconfig; name = "Pods-RXStore.debug.xcconfig"; path = "Target Support Files/Pods-RXStore/Pods-RXStore.debug.xcconfig"; sourceTree = "<group>"; };
		A81414A12A72F0D700ECBB6D /* FilterCoordinator.swift */ = {isa = PBXFileReference; lastKnownFileType = sourcecode.swift; path = FilterCoordinator.swift; sourceTree = "<group>"; };
		A81414A32A72F0E900ECBB6D /* FilterViewController.swift */ = {isa = PBXFileReference; lastKnownFileType = sourcecode.swift; path = FilterViewController.swift; sourceTree = "<group>"; };
		A81414A52A72F0FB00ECBB6D /* FilterViewModel.swift */ = {isa = PBXFileReference; lastKnownFileType = sourcecode.swift; path = FilterViewModel.swift; sourceTree = "<group>"; };
		A81414A72A72F10A00ECBB6D /* FilterModel.swift */ = {isa = PBXFileReference; lastKnownFileType = sourcecode.swift; path = FilterModel.swift; sourceTree = "<group>"; };
		A814462A2A6FDD7200F802D7 /* FirestoreManager.swift */ = {isa = PBXFileReference; lastKnownFileType = sourcecode.swift; path = FirestoreManager.swift; sourceTree = "<group>"; };
		A865F3792A6DC19700FBE317 /* TableViewFactory.swift */ = {isa = PBXFileReference; lastKnownFileType = sourcecode.swift; path = TableViewFactory.swift; sourceTree = "<group>"; };
		A865F37C2A6DC3CE00FBE317 /* MockCoordinator.swift */ = {isa = PBXFileReference; lastKnownFileType = sourcecode.swift; path = MockCoordinator.swift; sourceTree = "<group>"; };
		A865F37E2A6DC3E400FBE317 /* MockViewController.swift */ = {isa = PBXFileReference; lastKnownFileType = sourcecode.swift; path = MockViewController.swift; sourceTree = "<group>"; };
		A865F3822A6DC5DE00FBE317 /* MockViewModel.swift */ = {isa = PBXFileReference; lastKnownFileType = sourcecode.swift; path = MockViewModel.swift; sourceTree = "<group>"; };
		A865F3842A6DC5F200FBE317 /* MockModel.swift */ = {isa = PBXFileReference; lastKnownFileType = sourcecode.swift; path = MockModel.swift; sourceTree = "<group>"; };
		A865F3872A6E544E00FBE317 /* ImageOfItemCell.swift */ = {isa = PBXFileReference; lastKnownFileType = sourcecode.swift; path = ImageOfItemCell.swift; sourceTree = "<group>"; };
		A865F3892A6E63B900FBE317 /* PriceOfItemCell.swift */ = {isa = PBXFileReference; lastKnownFileType = sourcecode.swift; path = PriceOfItemCell.swift; sourceTree = "<group>"; };
		A865F38B2A6E6CCD00FBE317 /* BrandCell.swift */ = {isa = PBXFileReference; lastKnownFileType = sourcecode.swift; path = BrandCell.swift; sourceTree = "<group>"; };
		A865F38D2A6E707E00FBE317 /* AboutItemCell.swift */ = {isa = PBXFileReference; lastKnownFileType = sourcecode.swift; path = AboutItemCell.swift; sourceTree = "<group>"; };
		A8782AAD2A6681D6006594C3 /* RXStore.app */ = {isa = PBXFileReference; explicitFileType = wrapper.application; includeInIndex = 0; path = RXStore.app; sourceTree = BUILT_PRODUCTS_DIR; };
		A8782AB02A6681D6006594C3 /* AppDelegate.swift */ = {isa = PBXFileReference; lastKnownFileType = sourcecode.swift; path = AppDelegate.swift; sourceTree = "<group>"; };
		A8782AB42A6681D6006594C3 /* StoreViewController.swift */ = {isa = PBXFileReference; lastKnownFileType = sourcecode.swift; path = StoreViewController.swift; sourceTree = "<group>"; };
		A8782AB92A6681DC006594C3 /* Assets.xcassets */ = {isa = PBXFileReference; lastKnownFileType = folder.assetcatalog; path = Assets.xcassets; sourceTree = "<group>"; };
		A8782ABC2A6681DC006594C3 /* Base */ = {isa = PBXFileReference; lastKnownFileType = file.storyboard; name = Base; path = Base.lproj/LaunchScreen.storyboard; sourceTree = "<group>"; };
		A8782ABE2A6681DC006594C3 /* Info.plist */ = {isa = PBXFileReference; lastKnownFileType = text.plist.xml; path = Info.plist; sourceTree = "<group>"; };
		A8782AC52A668281006594C3 /* StoreViewModel.swift */ = {isa = PBXFileReference; lastKnownFileType = sourcecode.swift; path = StoreViewModel.swift; sourceTree = "<group>"; };
		A8782AC72A6682A0006594C3 /* StoreModel.swift */ = {isa = PBXFileReference; lastKnownFileType = sourcecode.swift; path = StoreModel.swift; sourceTree = "<group>"; };
		A8782AC92A669004006594C3 /* GoogleService-Info.plist */ = {isa = PBXFileReference; fileEncoding = 4; lastKnownFileType = text.plist.xml; path = "GoogleService-Info.plist"; sourceTree = "<group>"; };
		A8878A592A68317A003E8433 /* CardButtons.swift */ = {isa = PBXFileReference; lastKnownFileType = sourcecode.swift; path = CardButtons.swift; sourceTree = "<group>"; };
		A8878A5B2A683BDE003E8433 /* UILabel + Extensions.swift */ = {isa = PBXFileReference; lastKnownFileType = sourcecode.swift; path = "UILabel + Extensions.swift"; sourceTree = "<group>"; };
		A8878A5D2A683CA9003E8433 /* PageControlView.swift */ = {isa = PBXFileReference; lastKnownFileType = sourcecode.swift; path = PageControlView.swift; sourceTree = "<group>"; };
		A8878A5F2A683FE4003E8433 /* PageControlLabel.swift */ = {isa = PBXFileReference; lastKnownFileType = sourcecode.swift; path = PageControlLabel.swift; sourceTree = "<group>"; };
		A8878A612A693C2A003E8433 /* CardActionView.swift */ = {isa = PBXFileReference; lastKnownFileType = sourcecode.swift; path = CardActionView.swift; sourceTree = "<group>"; };
		A8878A632A694700003E8433 /* StoreCoordinator.swift */ = {isa = PBXFileReference; lastKnownFileType = sourcecode.swift; path = StoreCoordinator.swift; sourceTree = "<group>"; };
		A8878A662A696587003E8433 /* Coordinator.swift */ = {isa = PBXFileReference; lastKnownFileType = sourcecode.swift; path = Coordinator.swift; sourceTree = "<group>"; };
		A8878A692A696EAC003E8433 /* ReloadButton.swift */ = {isa = PBXFileReference; lastKnownFileType = sourcecode.swift; path = ReloadButton.swift; sourceTree = "<group>"; };
		A8926DC52A66CF31000E10D8 /* UIScrollView+Extension.swift */ = {isa = PBXFileReference; lastKnownFileType = sourcecode.swift; path = "UIScrollView+Extension.swift"; sourceTree = "<group>"; };
		A8926DC72A66D187000E10D8 /* UIView+Extensions.swift */ = {isa = PBXFileReference; lastKnownFileType = sourcecode.swift; path = "UIView+Extensions.swift"; sourceTree = "<group>"; };
		A89BB02D2A716A3100FCE3E0 /* ImageOfItemCellConfigurator.swift */ = {isa = PBXFileReference; lastKnownFileType = sourcecode.swift; path = ImageOfItemCellConfigurator.swift; sourceTree = "<group>"; };
		A89BB0322A716AD600FCE3E0 /* AboutItemCellConfigurator.swift */ = {isa = PBXFileReference; lastKnownFileType = sourcecode.swift; path = AboutItemCellConfigurator.swift; sourceTree = "<group>"; };
		A89BB0342A716B2000FCE3E0 /* PriceOfItemCellConfigurator.swift */ = {isa = PBXFileReference; lastKnownFileType = sourcecode.swift; path = PriceOfItemCellConfigurator.swift; sourceTree = "<group>"; };
		A89BB0362A716B3600FCE3E0 /* BrandCellConfigurator.swift */ = {isa = PBXFileReference; lastKnownFileType = sourcecode.swift; path = BrandCellConfigurator.swift; sourceTree = "<group>"; };
		A89BB0382A716C0200FCE3E0 /* ListCellConfiguration.swift */ = {isa = PBXFileReference; lastKnownFileType = sourcecode.swift; path = ListCellConfiguration.swift; sourceTree = "<group>"; };
		A89E37772A6A787600D73318 /* CustomNavigationController.swift */ = {isa = PBXFileReference; lastKnownFileType = sourcecode.swift; path = CustomNavigationController.swift; sourceTree = "<group>"; };
		A8AD54862A73517B005F8DFF /* ApplyFilterButtonView.swift */ = {isa = PBXFileReference; lastKnownFileType = sourcecode.swift; path = ApplyFilterButtonView.swift; sourceTree = "<group>"; };
		A8AD54882A7351C0005F8DFF /* CustomButtonState.swift */ = {isa = PBXFileReference; lastKnownFileType = sourcecode.swift; path = CustomButtonState.swift; sourceTree = "<group>"; };
		A8AD548A2A7382F0005F8DFF /* FilterChooseCell.swift */ = {isa = PBXFileReference; lastKnownFileType = sourcecode.swift; path = FilterChooseCell.swift; sourceTree = "<group>"; };
		A8AD548C2A7396C8005F8DFF /* FilterChooseCellConfigurator.swift */ = {isa = PBXFileReference; lastKnownFileType = sourcecode.swift; path = FilterChooseCellConfigurator.swift; sourceTree = "<group>"; };
		A8AD548E2A73A362005F8DFF /* Fonts.swift */ = {isa = PBXFileReference; lastKnownFileType = sourcecode.swift; path = Fonts.swift; sourceTree = "<group>"; };
		A8B07EB72A73036B00CEE335 /* FilterCell.swift */ = {isa = PBXFileReference; lastKnownFileType = sourcecode.swift; path = FilterCell.swift; sourceTree = "<group>"; };
		A8B07EB92A73037D00CEE335 /* FilterCellConfigurator.swift */ = {isa = PBXFileReference; lastKnownFileType = sourcecode.swift; path = FilterCellConfigurator.swift; sourceTree = "<group>"; };
		A8B07EBB2A73099000CEE335 /* FilterCheckedButton.swift */ = {isa = PBXFileReference; lastKnownFileType = sourcecode.swift; path = FilterCheckedButton.swift; sourceTree = "<group>"; };
		A8B07EBD2A730DD900CEE335 /* String+Extension.swift */ = {isa = PBXFileReference; lastKnownFileType = sourcecode.swift; path = "String+Extension.swift"; sourceTree = "<group>"; };
		A8C1898A2A6A7FF6002149EE /* ViewController.swift */ = {isa = PBXFileReference; lastKnownFileType = sourcecode.swift; path = ViewController.swift; sourceTree = "<group>"; };
		A8C1898C2A6A848E002149EE /* CustomNavigationBarView.swift */ = {isa = PBXFileReference; lastKnownFileType = sourcecode.swift; path = CustomNavigationBarView.swift; sourceTree = "<group>"; };
		A8C1898E2A6A8AD7002149EE /* UIFont+Extensions.swift */ = {isa = PBXFileReference; lastKnownFileType = sourcecode.swift; path = "UIFont+Extensions.swift"; sourceTree = "<group>"; };
		A8C5257C2A6E90A5002BA2CA /* UITableView + Extensions.swift */ = {isa = PBXFileReference; lastKnownFileType = sourcecode.swift; path = "UITableView + Extensions.swift"; sourceTree = "<group>"; };
		E3E5079CA4B01052E6E96568 /* Pods-RXStore.release.xcconfig */ = {isa = PBXFileReference; includeInIndex = 1; lastKnownFileType = text.xcconfig; name = "Pods-RXStore.release.xcconfig"; path = "Target Support Files/Pods-RXStore/Pods-RXStore.release.xcconfig"; sourceTree = "<group>"; };
/* End PBXFileReference section */

/* Begin PBXFrameworksBuildPhase section */
		A8782AAA2A6681D6006594C3 /* Frameworks */ = {
			isa = PBXFrameworksBuildPhase;
			buildActionMask = 2147483647;
			files = (
				4B400BBD0E545400AE8D192F /* Pods_RXStore.framework in Frameworks */,
			);
			runOnlyForDeploymentPostprocessing = 0;
		};
/* End PBXFrameworksBuildPhase section */

/* Begin PBXGroup section */
		1D2D919FAEAC6252006B361A /* Frameworks */ = {
			isa = PBXGroup;
			children = (
				03220296756D8A199F907C48 /* Pods_RXStore.framework */,
			);
			name = Frameworks;
			sourceTree = "<group>";
		};
		949D13C949FBDB9A1FE63F93 /* Pods */ = {
			isa = PBXGroup;
			children = (
				5E729F649CA5D989B00F8B3F /* Pods-RXStore.debug.xcconfig */,
				E3E5079CA4B01052E6E96568 /* Pods-RXStore.release.xcconfig */,
			);
			path = Pods;
			sourceTree = "<group>";
		};
		A81414A02A72F0A100ECBB6D /* FilterModule */ = {
			isa = PBXGroup;
			children = (
				A81414A12A72F0D700ECBB6D /* FilterCoordinator.swift */,
				A81414A32A72F0E900ECBB6D /* FilterViewController.swift */,
				A81414A52A72F0FB00ECBB6D /* FilterViewModel.swift */,
				A81414A72A72F10A00ECBB6D /* FilterModel.swift */,
				A8B07EB52A73034200CEE335 /* Cells */,
			);
			path = FilterModule;
			sourceTree = "<group>";
		};
		A81446292A6FDD4D00F802D7 /* Services */ = {
			isa = PBXGroup;
			children = (
				A814462A2A6FDD7200F802D7 /* FirestoreManager.swift */,
			);
			path = Services;
			sourceTree = "<group>";
		};
		A865F37B2A6DC3A100FBE317 /* MockModule */ = {
			isa = PBXGroup;
			children = (
				A865F37C2A6DC3CE00FBE317 /* MockCoordinator.swift */,
				A865F37E2A6DC3E400FBE317 /* MockViewController.swift */,
				A865F3822A6DC5DE00FBE317 /* MockViewModel.swift */,
				A865F3842A6DC5F200FBE317 /* MockModel.swift */,
				A865F3862A6E543500FBE317 /* Cells */,
			);
			path = MockModule;
			sourceTree = "<group>";
		};
		A865F3862A6E543500FBE317 /* Cells */ = {
			isa = PBXGroup;
			children = (
				A89BB0312A716AA800FCE3E0 /* AboutItem */,
				A89BB0302A716A9B00FCE3E0 /* Brand */,
				A89BB02F2A716A8C00FCE3E0 /* PriceOfItem */,
				A89BB02C2A7169DF00FCE3E0 /* ImageOfItem */,
			);
			path = Cells;
			sourceTree = "<group>";
		};
		A8782AA42A6681D6006594C3 = {
			isa = PBXGroup;
			children = (
				A8782AAF2A6681D6006594C3 /* RXStore */,
				A8782AAE2A6681D6006594C3 /* Products */,
				949D13C949FBDB9A1FE63F93 /* Pods */,
				1D2D919FAEAC6252006B361A /* Frameworks */,
			);
			sourceTree = "<group>";
		};
		A8782AAE2A6681D6006594C3 /* Products */ = {
			isa = PBXGroup;
			children = (
				A8782AAD2A6681D6006594C3 /* RXStore.app */,
			);
			name = Products;
			sourceTree = "<group>";
		};
		A8782AAF2A6681D6006594C3 /* RXStore */ = {
			isa = PBXGroup;
			children = (
				A8878A682A696608003E8433 /* Modules */,
				A8878A582A683144003E8433 /* Components */,
				A8782AB02A6681D6006594C3 /* AppDelegate.swift */,
				A81446292A6FDD4D00F802D7 /* Services */,
				A8782ACB2A66901B006594C3 /* GoogleFiles */,
				A8782AB92A6681DC006594C3 /* Assets.xcassets */,
				A8926DC42A66CEFB000E10D8 /* Extensions */,
				A8878A652A69651D003E8433 /* Protocols */,
				A8782ABE2A6681DC006594C3 /* Info.plist */,
				A8782ABB2A6681DC006594C3 /* LaunchScreen.storyboard */,
			);
			path = RXStore;
			sourceTree = "<group>";
		};
		A8782AC42A6681EE006594C3 /* StoreModule */ = {
			isa = PBXGroup;
			children = (
				A8878A632A694700003E8433 /* StoreCoordinator.swift */,
				A8782AB42A6681D6006594C3 /* StoreViewController.swift */,
				A8782AC52A668281006594C3 /* StoreViewModel.swift */,
				A8782AC72A6682A0006594C3 /* StoreModel.swift */,
			);
			path = StoreModule;
			sourceTree = "<group>";
		};
		A8782ACB2A66901B006594C3 /* GoogleFiles */ = {
			isa = PBXGroup;
			children = (
				A8782AC92A669004006594C3 /* GoogleService-Info.plist */,
			);
			path = GoogleFiles;
			sourceTree = "<group>";
		};
		A8878A582A683144003E8433 /* Components */ = {
			isa = PBXGroup;
			children = (
				A8878A592A68317A003E8433 /* CardButtons.swift */,
				A8878A5D2A683CA9003E8433 /* PageControlView.swift */,
				A8878A5F2A683FE4003E8433 /* PageControlLabel.swift */,
				A8878A612A693C2A003E8433 /* CardActionView.swift */,
				A8878A692A696EAC003E8433 /* ReloadButton.swift */,
				A89E37772A6A787600D73318 /* CustomNavigationController.swift */,
				A8C1898A2A6A7FF6002149EE /* ViewController.swift */,
				A8C1898C2A6A848E002149EE /* CustomNavigationBarView.swift */,
				A865F3792A6DC19700FBE317 /* TableViewFactory.swift */,
				A8B07EBB2A73099000CEE335 /* FilterCheckedButton.swift */,
				A8AD54862A73517B005F8DFF /* ApplyFilterButtonView.swift */,
				A8AD54882A7351C0005F8DFF /* CustomButtonState.swift */,
				A8AD548E2A73A362005F8DFF /* Fonts.swift */,
			);
			path = Components;
			sourceTree = "<group>";
		};
		A8878A652A69651D003E8433 /* Protocols */ = {
			isa = PBXGroup;
			children = (
				A8878A662A696587003E8433 /* Coordinator.swift */,
				A89BB0382A716C0200FCE3E0 /* ListCellConfiguration.swift */,
			);
			path = Protocols;
			sourceTree = "<group>";
		};
		A8878A682A696608003E8433 /* Modules */ = {
			isa = PBXGroup;
			children = (
				A81414A02A72F0A100ECBB6D /* FilterModule */,
				A865F37B2A6DC3A100FBE317 /* MockModule */,
				A8782AC42A6681EE006594C3 /* StoreModule */,
			);
			path = Modules;
			sourceTree = "<group>";
		};
		A8926DC42A66CEFB000E10D8 /* Extensions */ = {
			isa = PBXGroup;
			children = (
				A8926DC52A66CF31000E10D8 /* UIScrollView+Extension.swift */,
				A8926DC72A66D187000E10D8 /* UIView+Extensions.swift */,
				A8878A5B2A683BDE003E8433 /* UILabel + Extensions.swift */,
				A8C1898E2A6A8AD7002149EE /* UIFont+Extensions.swift */,
				A8C5257C2A6E90A5002BA2CA /* UITableView + Extensions.swift */,
				A8B07EBD2A730DD900CEE335 /* String+Extension.swift */,
			);
			path = Extensions;
			sourceTree = "<group>";
		};
		A89BB02C2A7169DF00FCE3E0 /* ImageOfItem */ = {
			isa = PBXGroup;
			children = (
				A865F3872A6E544E00FBE317 /* ImageOfItemCell.swift */,
				A89BB02D2A716A3100FCE3E0 /* ImageOfItemCellConfigurator.swift */,
			);
			path = ImageOfItem;
			sourceTree = "<group>";
		};
		A89BB02F2A716A8C00FCE3E0 /* PriceOfItem */ = {
			isa = PBXGroup;
			children = (
				A865F3892A6E63B900FBE317 /* PriceOfItemCell.swift */,
				A89BB0342A716B2000FCE3E0 /* PriceOfItemCellConfigurator.swift */,
			);
			path = PriceOfItem;
			sourceTree = "<group>";
		};
		A89BB0302A716A9B00FCE3E0 /* Brand */ = {
			isa = PBXGroup;
			children = (
				A865F38B2A6E6CCD00FBE317 /* BrandCell.swift */,
				A89BB0362A716B3600FCE3E0 /* BrandCellConfigurator.swift */,
			);
			path = Brand;
			sourceTree = "<group>";
		};
		A89BB0312A716AA800FCE3E0 /* AboutItem */ = {
			isa = PBXGroup;
			children = (
				A865F38D2A6E707E00FBE317 /* AboutItemCell.swift */,
				A89BB0322A716AD600FCE3E0 /* AboutItemCellConfigurator.swift */,
			);
			path = AboutItem;
			sourceTree = "<group>";
		};
		A8B07EB52A73034200CEE335 /* Cells */ = {
			isa = PBXGroup;
			children = (
				A8B07EB62A73034B00CEE335 /* Filter */,
			);
			path = Cells;
			sourceTree = "<group>";
		};
		A8B07EB62A73034B00CEE335 /* Filter */ = {
			isa = PBXGroup;
			children = (
				A8B07EB72A73036B00CEE335 /* FilterCell.swift */,
				A8B07EB92A73037D00CEE335 /* FilterCellConfigurator.swift */,
				A8AD548A2A7382F0005F8DFF /* FilterChooseCell.swift */,
				A8AD548C2A7396C8005F8DFF /* FilterChooseCellConfigurator.swift */,
			);
			path = Filter;
			sourceTree = "<group>";
		};
/* End PBXGroup section */

/* Begin PBXNativeTarget section */
		A8782AAC2A6681D6006594C3 /* RXStore */ = {
			isa = PBXNativeTarget;
			buildConfigurationList = A8782AC12A6681DC006594C3 /* Build configuration list for PBXNativeTarget "RXStore" */;
			buildPhases = (
				8BDED7624715538B79437544 /* [CP] Check Pods Manifest.lock */,
				A8782AA92A6681D6006594C3 /* Sources */,
				A8782AAA2A6681D6006594C3 /* Frameworks */,
				A8782AAB2A6681D6006594C3 /* Resources */,
				26E6E870A5A869AD6329858F /* [CP] Embed Pods Frameworks */,
			);
			buildRules = (
			);
			dependencies = (
			);
			name = RXStore;
			productName = RXStore;
			productReference = A8782AAD2A6681D6006594C3 /* RXStore.app */;
			productType = "com.apple.product-type.application";
		};
/* End PBXNativeTarget section */

/* Begin PBXProject section */
		A8782AA52A6681D6006594C3 /* Project object */ = {
			isa = PBXProject;
			attributes = {
				BuildIndependentTargetsInParallel = 1;
				LastSwiftUpdateCheck = 1420;
				LastUpgradeCheck = 1420;
				TargetAttributes = {
					A8782AAC2A6681D6006594C3 = {
						CreatedOnToolsVersion = 14.2;
					};
				};
			};
			buildConfigurationList = A8782AA82A6681D6006594C3 /* Build configuration list for PBXProject "RXStore" */;
			compatibilityVersion = "Xcode 14.0";
			developmentRegion = en;
			hasScannedForEncodings = 0;
			knownRegions = (
				en,
				Base,
			);
			mainGroup = A8782AA42A6681D6006594C3;
			productRefGroup = A8782AAE2A6681D6006594C3 /* Products */;
			projectDirPath = "";
			projectRoot = "";
			targets = (
				A8782AAC2A6681D6006594C3 /* RXStore */,
			);
		};
/* End PBXProject section */

/* Begin PBXResourcesBuildPhase section */
		A8782AAB2A6681D6006594C3 /* Resources */ = {
			isa = PBXResourcesBuildPhase;
			buildActionMask = 2147483647;
			files = (
				A8782ACA2A669004006594C3 /* GoogleService-Info.plist in Resources */,
				A8782ABD2A6681DC006594C3 /* LaunchScreen.storyboard in Resources */,
				A8782ABA2A6681DC006594C3 /* Assets.xcassets in Resources */,
			);
			runOnlyForDeploymentPostprocessing = 0;
		};
/* End PBXResourcesBuildPhase section */

/* Begin PBXShellScriptBuildPhase section */
		26E6E870A5A869AD6329858F /* [CP] Embed Pods Frameworks */ = {
			isa = PBXShellScriptBuildPhase;
			buildActionMask = 2147483647;
			files = (
			);
			inputFileListPaths = (
				"${PODS_ROOT}/Target Support Files/Pods-RXStore/Pods-RXStore-frameworks-${CONFIGURATION}-input-files.xcfilelist",
			);
			name = "[CP] Embed Pods Frameworks";
			outputFileListPaths = (
				"${PODS_ROOT}/Target Support Files/Pods-RXStore/Pods-RXStore-frameworks-${CONFIGURATION}-output-files.xcfilelist",
			);
			runOnlyForDeploymentPostprocessing = 0;
			shellPath = /bin/sh;
			shellScript = "\"${PODS_ROOT}/Target Support Files/Pods-RXStore/Pods-RXStore-frameworks.sh\"\n";
			showEnvVarsInLog = 0;
		};
		8BDED7624715538B79437544 /* [CP] Check Pods Manifest.lock */ = {
			isa = PBXShellScriptBuildPhase;
			buildActionMask = 2147483647;
			files = (
			);
			inputFileListPaths = (
			);
			inputPaths = (
				"${PODS_PODFILE_DIR_PATH}/Podfile.lock",
				"${PODS_ROOT}/Manifest.lock",
			);
			name = "[CP] Check Pods Manifest.lock";
			outputFileListPaths = (
			);
			outputPaths = (
				"$(DERIVED_FILE_DIR)/Pods-RXStore-checkManifestLockResult.txt",
			);
			runOnlyForDeploymentPostprocessing = 0;
			shellPath = /bin/sh;
			shellScript = "diff \"${PODS_PODFILE_DIR_PATH}/Podfile.lock\" \"${PODS_ROOT}/Manifest.lock\" > /dev/null\nif [ $? != 0 ] ; then\n    # print error to STDERR\n    echo \"error: The sandbox is not in sync with the Podfile.lock. Run 'pod install' or update your CocoaPods installation.\" >&2\n    exit 1\nfi\n# This output is used by Xcode 'outputs' to avoid re-running this script phase.\necho \"SUCCESS\" > \"${SCRIPT_OUTPUT_FILE_0}\"\n";
			showEnvVarsInLog = 0;
		};
/* End PBXShellScriptBuildPhase section */

/* Begin PBXSourcesBuildPhase section */
		A8782AA92A6681D6006594C3 /* Sources */ = {
			isa = PBXSourcesBuildPhase;
			buildActionMask = 2147483647;
			files = (
				A8926DC82A66D187000E10D8 /* UIView+Extensions.swift in Sources */,
				A8782AC62A668281006594C3 /* StoreViewModel.swift in Sources */,
				A865F37A2A6DC19700FBE317 /* TableViewFactory.swift in Sources */,
				A865F37F2A6DC3E400FBE317 /* MockViewController.swift in Sources */,
				A814462B2A6FDD7200F802D7 /* FirestoreManager.swift in Sources */,
				A8AD548B2A7382F0005F8DFF /* FilterChooseCell.swift in Sources */,
				A8878A672A696587003E8433 /* Coordinator.swift in Sources */,
				A8926DC62A66CF31000E10D8 /* UIScrollView+Extension.swift in Sources */,
				A8C1898D2A6A848E002149EE /* CustomNavigationBarView.swift in Sources */,
				A8878A5E2A683CA9003E8433 /* PageControlView.swift in Sources */,
				A8782AB52A6681D6006594C3 /* StoreViewController.swift in Sources */,
				A81414A22A72F0D700ECBB6D /* FilterCoordinator.swift in Sources */,
				A8C5257D2A6E90A5002BA2CA /* UITableView + Extensions.swift in Sources */,
				A89E37782A6A787600D73318 /* CustomNavigationController.swift in Sources */,
				A81414A82A72F10A00ECBB6D /* FilterModel.swift in Sources */,
				A8AD54892A7351C0005F8DFF /* CustomButtonState.swift in Sources */,
				A865F3832A6DC5DE00FBE317 /* MockViewModel.swift in Sources */,
				A8878A5A2A68317A003E8433 /* CardButtons.swift in Sources */,
				A89BB02E2A716A3100FCE3E0 /* ImageOfItemCellConfigurator.swift in Sources */,
				A8878A622A693C2A003E8433 /* CardActionView.swift in Sources */,
				A89BB0392A716C0200FCE3E0 /* ListCellConfiguration.swift in Sources */,
				A865F38E2A6E707E00FBE317 /* AboutItemCell.swift in Sources */,
				A865F3852A6DC5F200FBE317 /* MockModel.swift in Sources */,
				A89BB0352A716B2000FCE3E0 /* PriceOfItemCellConfigurator.swift in Sources */,
				A8B07EBE2A730DD900CEE335 /* String+Extension.swift in Sources */,
				A8782AB12A6681D6006594C3 /* AppDelegate.swift in Sources */,
				A8AD54872A73517B005F8DFF /* ApplyFilterButtonView.swift in Sources */,
				A8AD548D2A7396C8005F8DFF /* FilterChooseCellConfigurator.swift in Sources */,
				A8AD548F2A73A362005F8DFF /* Fonts.swift in Sources */,
				A89BB0372A716B3600FCE3E0 /* BrandCellConfigurator.swift in Sources */,
				A8878A5C2A683BDE003E8433 /* UILabel + Extensions.swift in Sources */,
				A8878A6A2A696EAC003E8433 /* ReloadButton.swift in Sources */,
				A8782AC82A6682A0006594C3 /* StoreModel.swift in Sources */,
				A89BB0332A716AD600FCE3E0 /* AboutItemCellConfigurator.swift in Sources */,
				A8878A642A694700003E8433 /* StoreCoordinator.swift in Sources */,
				A8C1898B2A6A7FF6002149EE /* ViewController.swift in Sources */,
				A81414A62A72F0FB00ECBB6D /* FilterViewModel.swift in Sources */,
				A8B07EB82A73036B00CEE335 /* FilterCell.swift in Sources */,
				A8B07EBA2A73037D00CEE335 /* FilterCellConfigurator.swift in Sources */,
				A8C1898F2A6A8AD7002149EE /* UIFont+Extensions.swift in Sources */,
				A81414A42A72F0E900ECBB6D /* FilterViewController.swift in Sources */,
				A865F38A2A6E63B900FBE317 /* PriceOfItemCell.swift in Sources */,
				A865F37D2A6DC3CE00FBE317 /* MockCoordinator.swift in Sources */,
				A8B07EBC2A73099000CEE335 /* FilterCheckedButton.swift in Sources */,
				A865F38C2A6E6CCD00FBE317 /* BrandCell.swift in Sources */,
				A8878A602A683FE4003E8433 /* PageControlLabel.swift in Sources */,
				A865F3882A6E544E00FBE317 /* ImageOfItemCell.swift in Sources */,
			);
			runOnlyForDeploymentPostprocessing = 0;
		};
/* End PBXSourcesBuildPhase section */

/* Begin PBXVariantGroup section */
		A8782ABB2A6681DC006594C3 /* LaunchScreen.storyboard */ = {
			isa = PBXVariantGroup;
			children = (
				A8782ABC2A6681DC006594C3 /* Base */,
			);
			name = LaunchScreen.storyboard;
			sourceTree = "<group>";
		};
/* End PBXVariantGroup section */

/* Begin XCBuildConfiguration section */
		A8782ABF2A6681DC006594C3 /* Debug */ = {
			isa = XCBuildConfiguration;
			buildSettings = {
				ALWAYS_SEARCH_USER_PATHS = NO;
				CLANG_ANALYZER_NONNULL = YES;
				CLANG_ANALYZER_NUMBER_OBJECT_CONVERSION = YES_AGGRESSIVE;
				CLANG_CXX_LANGUAGE_STANDARD = "gnu++20";
				CLANG_ENABLE_MODULES = YES;
				CLANG_ENABLE_OBJC_ARC = YES;
				CLANG_ENABLE_OBJC_WEAK = YES;
				CLANG_WARN_BLOCK_CAPTURE_AUTORELEASING = YES;
				CLANG_WARN_BOOL_CONVERSION = YES;
				CLANG_WARN_COMMA = YES;
				CLANG_WARN_CONSTANT_CONVERSION = YES;
				CLANG_WARN_DEPRECATED_OBJC_IMPLEMENTATIONS = YES;
				CLANG_WARN_DIRECT_OBJC_ISA_USAGE = YES_ERROR;
				CLANG_WARN_DOCUMENTATION_COMMENTS = YES;
				CLANG_WARN_EMPTY_BODY = YES;
				CLANG_WARN_ENUM_CONVERSION = YES;
				CLANG_WARN_INFINITE_RECURSION = YES;
				CLANG_WARN_INT_CONVERSION = YES;
				CLANG_WARN_NON_LITERAL_NULL_CONVERSION = YES;
				CLANG_WARN_OBJC_IMPLICIT_RETAIN_SELF = YES;
				CLANG_WARN_OBJC_LITERAL_CONVERSION = YES;
				CLANG_WARN_OBJC_ROOT_CLASS = YES_ERROR;
				CLANG_WARN_QUOTED_INCLUDE_IN_FRAMEWORK_HEADER = YES;
				CLANG_WARN_RANGE_LOOP_ANALYSIS = YES;
				CLANG_WARN_STRICT_PROTOTYPES = YES;
				CLANG_WARN_SUSPICIOUS_MOVE = YES;
				CLANG_WARN_UNGUARDED_AVAILABILITY = YES_AGGRESSIVE;
				CLANG_WARN_UNREACHABLE_CODE = YES;
				CLANG_WARN__DUPLICATE_METHOD_MATCH = YES;
				COPY_PHASE_STRIP = NO;
				DEBUG_INFORMATION_FORMAT = dwarf;
				ENABLE_STRICT_OBJC_MSGSEND = YES;
				ENABLE_TESTABILITY = YES;
				GCC_C_LANGUAGE_STANDARD = gnu11;
				GCC_DYNAMIC_NO_PIC = NO;
				GCC_NO_COMMON_BLOCKS = YES;
				GCC_OPTIMIZATION_LEVEL = 0;
				GCC_PREPROCESSOR_DEFINITIONS = (
					"DEBUG=1",
					"$(inherited)",
				);
				GCC_WARN_64_TO_32_BIT_CONVERSION = YES;
				GCC_WARN_ABOUT_RETURN_TYPE = YES_ERROR;
				GCC_WARN_UNDECLARED_SELECTOR = YES;
				GCC_WARN_UNINITIALIZED_AUTOS = YES_AGGRESSIVE;
				GCC_WARN_UNUSED_FUNCTION = YES;
				GCC_WARN_UNUSED_VARIABLE = YES;
				IPHONEOS_DEPLOYMENT_TARGET = 16.2;
				MTL_ENABLE_DEBUG_INFO = INCLUDE_SOURCE;
				MTL_FAST_MATH = YES;
				ONLY_ACTIVE_ARCH = YES;
				SDKROOT = iphoneos;
				SWIFT_ACTIVE_COMPILATION_CONDITIONS = DEBUG;
				SWIFT_OPTIMIZATION_LEVEL = "-Onone";
			};
			name = Debug;
		};
		A8782AC02A6681DC006594C3 /* Release */ = {
			isa = XCBuildConfiguration;
			buildSettings = {
				ALWAYS_SEARCH_USER_PATHS = NO;
				CLANG_ANALYZER_NONNULL = YES;
				CLANG_ANALYZER_NUMBER_OBJECT_CONVERSION = YES_AGGRESSIVE;
				CLANG_CXX_LANGUAGE_STANDARD = "gnu++20";
				CLANG_ENABLE_MODULES = YES;
				CLANG_ENABLE_OBJC_ARC = YES;
				CLANG_ENABLE_OBJC_WEAK = YES;
				CLANG_WARN_BLOCK_CAPTURE_AUTORELEASING = YES;
				CLANG_WARN_BOOL_CONVERSION = YES;
				CLANG_WARN_COMMA = YES;
				CLANG_WARN_CONSTANT_CONVERSION = YES;
				CLANG_WARN_DEPRECATED_OBJC_IMPLEMENTATIONS = YES;
				CLANG_WARN_DIRECT_OBJC_ISA_USAGE = YES_ERROR;
				CLANG_WARN_DOCUMENTATION_COMMENTS = YES;
				CLANG_WARN_EMPTY_BODY = YES;
				CLANG_WARN_ENUM_CONVERSION = YES;
				CLANG_WARN_INFINITE_RECURSION = YES;
				CLANG_WARN_INT_CONVERSION = YES;
				CLANG_WARN_NON_LITERAL_NULL_CONVERSION = YES;
				CLANG_WARN_OBJC_IMPLICIT_RETAIN_SELF = YES;
				CLANG_WARN_OBJC_LITERAL_CONVERSION = YES;
				CLANG_WARN_OBJC_ROOT_CLASS = YES_ERROR;
				CLANG_WARN_QUOTED_INCLUDE_IN_FRAMEWORK_HEADER = YES;
				CLANG_WARN_RANGE_LOOP_ANALYSIS = YES;
				CLANG_WARN_STRICT_PROTOTYPES = YES;
				CLANG_WARN_SUSPICIOUS_MOVE = YES;
				CLANG_WARN_UNGUARDED_AVAILABILITY = YES_AGGRESSIVE;
				CLANG_WARN_UNREACHABLE_CODE = YES;
				CLANG_WARN__DUPLICATE_METHOD_MATCH = YES;
				COPY_PHASE_STRIP = NO;
				DEBUG_INFORMATION_FORMAT = "dwarf-with-dsym";
				ENABLE_NS_ASSERTIONS = NO;
				ENABLE_STRICT_OBJC_MSGSEND = YES;
				GCC_C_LANGUAGE_STANDARD = gnu11;
				GCC_NO_COMMON_BLOCKS = YES;
				GCC_WARN_64_TO_32_BIT_CONVERSION = YES;
				GCC_WARN_ABOUT_RETURN_TYPE = YES_ERROR;
				GCC_WARN_UNDECLARED_SELECTOR = YES;
				GCC_WARN_UNINITIALIZED_AUTOS = YES_AGGRESSIVE;
				GCC_WARN_UNUSED_FUNCTION = YES;
				GCC_WARN_UNUSED_VARIABLE = YES;
				IPHONEOS_DEPLOYMENT_TARGET = 16.2;
				MTL_ENABLE_DEBUG_INFO = NO;
				MTL_FAST_MATH = YES;
				SDKROOT = iphoneos;
				SWIFT_COMPILATION_MODE = wholemodule;
				SWIFT_OPTIMIZATION_LEVEL = "-O";
				VALIDATE_PRODUCT = YES;
			};
			name = Release;
		};
		A8782AC22A6681DC006594C3 /* Debug */ = {
			isa = XCBuildConfiguration;
			baseConfigurationReference = 5E729F649CA5D989B00F8B3F /* Pods-RXStore.debug.xcconfig */;
			buildSettings = {
				ASSETCATALOG_COMPILER_APPICON_NAME = AppIcon;
				ASSETCATALOG_COMPILER_GLOBAL_ACCENT_COLOR_NAME = AccentColor;
				CODE_SIGN_STYLE = Automatic;
				CURRENT_PROJECT_VERSION = 1;
				DEVELOPMENT_TEAM = YMHC929DBV;
				GENERATE_INFOPLIST_FILE = YES;
				INFOPLIST_FILE = RXStore/Info.plist;
				INFOPLIST_KEY_UIApplicationSupportsIndirectInputEvents = YES;
				INFOPLIST_KEY_UILaunchStoryboardName = LaunchScreen;
				INFOPLIST_KEY_UISupportedInterfaceOrientations_iPad = "UIInterfaceOrientationPortrait UIInterfaceOrientationPortraitUpsideDown UIInterfaceOrientationLandscapeLeft UIInterfaceOrientationLandscapeRight";
				INFOPLIST_KEY_UISupportedInterfaceOrientations_iPhone = "UIInterfaceOrientationPortrait UIInterfaceOrientationLandscapeLeft UIInterfaceOrientationLandscapeRight";
				LD_RUNPATH_SEARCH_PATHS = (
					"$(inherited)",
					"@executable_path/Frameworks",
				);
				MARKETING_VERSION = 1.0;
				PRODUCT_BUNDLE_IDENTIFIER = com.RXStore;
				PRODUCT_NAME = "$(TARGET_NAME)";
				SWIFT_EMIT_LOC_STRINGS = YES;
				SWIFT_VERSION = 5.0;
				TARGETED_DEVICE_FAMILY = "1,2";
			};
			name = Debug;
		};
		A8782AC32A6681DC006594C3 /* Release */ = {
			isa = XCBuildConfiguration;
			baseConfigurationReference = E3E5079CA4B01052E6E96568 /* Pods-RXStore.release.xcconfig */;
			buildSettings = {
				ASSETCATALOG_COMPILER_APPICON_NAME = AppIcon;
				ASSETCATALOG_COMPILER_GLOBAL_ACCENT_COLOR_NAME = AccentColor;
				CODE_SIGN_STYLE = Automatic;
				CURRENT_PROJECT_VERSION = 1;
				DEVELOPMENT_TEAM = YMHC929DBV;
				GENERATE_INFOPLIST_FILE = YES;
				INFOPLIST_FILE = RXStore/Info.plist;
				INFOPLIST_KEY_UIApplicationSupportsIndirectInputEvents = YES;
				INFOPLIST_KEY_UILaunchStoryboardName = LaunchScreen;
				INFOPLIST_KEY_UISupportedInterfaceOrientations_iPad = "UIInterfaceOrientationPortrait UIInterfaceOrientationPortraitUpsideDown UIInterfaceOrientationLandscapeLeft UIInterfaceOrientationLandscapeRight";
				INFOPLIST_KEY_UISupportedInterfaceOrientations_iPhone = "UIInterfaceOrientationPortrait UIInterfaceOrientationLandscapeLeft UIInterfaceOrientationLandscapeRight";
				LD_RUNPATH_SEARCH_PATHS = (
					"$(inherited)",
					"@executable_path/Frameworks",
				);
				MARKETING_VERSION = 1.0;
				PRODUCT_BUNDLE_IDENTIFIER = com.RXStore;
				PRODUCT_NAME = "$(TARGET_NAME)";
				SWIFT_EMIT_LOC_STRINGS = YES;
				SWIFT_VERSION = 5.0;
				TARGETED_DEVICE_FAMILY = "1,2";
			};
			name = Release;
		};
/* End XCBuildConfiguration section */

/* Begin XCConfigurationList section */
		A8782AA82A6681D6006594C3 /* Build configuration list for PBXProject "RXStore" */ = {
			isa = XCConfigurationList;
			buildConfigurations = (
				A8782ABF2A6681DC006594C3 /* Debug */,
				A8782AC02A6681DC006594C3 /* Release */,
			);
			defaultConfigurationIsVisible = 0;
			defaultConfigurationName = Release;
		};
		A8782AC12A6681DC006594C3 /* Build configuration list for PBXNativeTarget "RXStore" */ = {
			isa = XCConfigurationList;
			buildConfigurations = (
				A8782AC22A6681DC006594C3 /* Debug */,
				A8782AC32A6681DC006594C3 /* Release */,
			);
			defaultConfigurationIsVisible = 0;
			defaultConfigurationName = Release;
		};
/* End XCConfigurationList section */
	};
	rootObject = A8782AA52A6681D6006594C3 /* Project object */;
}
